
Microsoft Visual Studio Solution File, Format Version 12.00
# Visual Studio Version 17
VisualStudioVersion = 17.5.2.0
MinimumVisualStudioVersion = 10.0.40219.1
Project("{FAE04EC0-301F-11D3-BF4B-00C04F79EFBC}") = "LanguageLearn.Services", "LanguageLearn.Services\LanguageLearn.Services.csproj", "{368BA0C7-424F-0C51-1FC8-BA45CB2BCA98}"
EndProject
Project("{FAE04EC0-301F-11D3-BF4B-00C04F79EFBC}") = "LanguageLearn.Services.Contract", "LanguageLearn.Services.Contract\LanguageLearn.Services.Contract.csproj", "{560223CD-23B3-4678-8CB7-2A76733CEA19}"
EndProject
Project("{FAE04EC0-301F-11D3-BF4B-00C04F79EFBC}") = "LanguageLearn.Client", "LanguageLearn.Client\LanguageLearn.Client.csproj", "{57ACA6B4-9702-4C5A-A705-DC607A4A1D51}"
EndProject
Global
	GlobalSection(SolutionConfigurationPlatforms) = preSolution
		Debug|Any CPU = Debug|Any CPU
		Debug|x64 = Debug|x64
		Debug|x86 = Debug|x86
		Release|Any CPU = Release|Any CPU
		Release|x64 = Release|x64
		Release|x86 = Release|x86
	EndGlobalSection
	GlobalSection(ProjectConfigurationPlatforms) = postSolution
		{368BA0C7-424F-0C51-1FC8-BA45CB2BCA98}.Debug|Any CPU.ActiveCfg = Debug|Any CPU
		{368BA0C7-424F-0C51-1FC8-BA45CB2BCA98}.Debug|Any CPU.Build.0 = Debug|Any CPU
		{368BA0C7-424F-0C51-1FC8-BA45CB2BCA98}.Debug|x64.ActiveCfg = Debug|Any CPU
		{368BA0C7-424F-0C51-1FC8-BA45CB2BCA98}.Debug|x64.Build.0 = Debug|Any CPU
		{368BA0C7-424F-0C51-1FC8-BA45CB2BCA98}.Debug|x86.ActiveCfg = Debug|Any CPU
		{368BA0C7-424F-0C51-1FC8-BA45CB2BCA98}.Debug|x86.Build.0 = Debug|Any CPU
		{368BA0C7-424F-0C51-1FC8-BA45CB2BCA98}.Release|Any CPU.ActiveCfg = Release|Any CPU
		{368BA0C7-424F-0C51-1FC8-BA45CB2BCA98}.Release|Any CPU.Build.0 = Release|Any CPU
		{368BA0C7-424F-0C51-1FC8-BA45CB2BCA98}.Release|x64.ActiveCfg = Release|Any CPU
		{368BA0C7-424F-0C51-1FC8-BA45CB2BCA98}.Release|x64.Build.0 = Release|Any CPU
		{368BA0C7-424F-0C51-1FC8-BA45CB2BCA98}.Release|x86.ActiveCfg = Release|Any CPU
		{368BA0C7-424F-0C51-1FC8-BA45CB2BCA98}.Release|x86.Build.0 = Release|Any CPU
		{560223CD-23B3-4678-8CB7-2A76733CEA19}.Debug|Any CPU.ActiveCfg = Debug|Any CPU
		{560223CD-23B3-4678-8CB7-2A76733CEA19}.Debug|Any CPU.Build.0 = Debug|Any CPU
		{560223CD-23B3-4678-8CB7-2A76733CEA19}.Debug|x64.ActiveCfg = Debug|Any CPU
		{560223CD-23B3-4678-8CB7-2A76733CEA19}.Debug|x64.Build.0 = Debug|Any CPU
		{560223CD-23B3-4678-8CB7-2A76733CEA19}.Debug|x86.ActiveCfg = Debug|Any CPU
		{560223CD-23B3-4678-8CB7-2A76733CEA19}.Debug|x86.Build.0 = Debug|Any CPU
		{560223CD-23B3-4678-8CB7-2A76733CEA19}.Release|Any CPU.ActiveCfg = Release|Any CPU
		{560223CD-23B3-4678-8CB7-2A76733CEA19}.Release|Any CPU.Build.0 = Release|Any CPU
		{560223CD-23B3-4678-8CB7-2A76733CEA19}.Release|x64.ActiveCfg = Release|Any CPU
		{560223CD-23B3-4678-8CB7-2A76733CEA19}.Release|x64.Build.0 = Release|Any CPU
		{560223CD-23B3-4678-8CB7-2A76733CEA19}.Release|x86.ActiveCfg = Release|Any CPU
		{560223CD-23B3-4678-8CB7-2A76733CEA19}.Release|x86.Build.0 = Release|Any CPU
		{57ACA6B4-9702-4C5A-A705-DC607A4A1D51}.Debug|Any CPU.ActiveCfg = Debug|Any CPU
		{57ACA6B4-9702-4C5A-A705-DC607A4A1D51}.Debug|Any CPU.Build.0 = Debug|Any CPU
		{57ACA6B4-9702-4C5A-A705-DC607A4A1D51}.Debug|x64.ActiveCfg = Debug|Any CPU
		{57ACA6B4-9702-4C5A-A705-DC607A4A1D51}.Debug|x64.Build.0 = Debug|Any CPU
		{57ACA6B4-9702-4C5A-A705-DC607A4A1D51}.Debug|x86.ActiveCfg = Debug|Any CPU
		{57ACA6B4-9702-4C5A-A705-DC607A4A1D51}.Debug|x86.Build.0 = Debug|Any CPU
		{57ACA6B4-9702-4C5A-A705-DC607A4A1D51}.Release|Any CPU.ActiveCfg = Release|Any CPU
		{57ACA6B4-9702-4C5A-A705-DC607A4A1D51}.Release|Any CPU.Build.0 = Release|Any CPU
		{57ACA6B4-9702-4C5A-A705-DC607A4A1D51}.Release|x64.ActiveCfg = Release|Any CPU
		{57ACA6B4-9702-4C5A-A705-DC607A4A1D51}.Release|x64.Build.0 = Release|Any CPU
		{57ACA6B4-9702-4C5A-A705-DC607A4A1D51}.Release|x86.ActiveCfg = Release|Any CPU
		{57ACA6B4-9702-4C5A-A705-DC607A4A1D51}.Release|x86.Build.0 = Release|Any CPU
	EndGlobalSection
	GlobalSection(SolutionProperties) = preSolution
		HideSolutionNode = FALSE
	EndGlobalSection
	GlobalSection(ExtensibilityGlobals) = postSolution
		SolutionGuid = {0C43F70B-4979-41F7-B512-2ABACC505757}
	EndGlobalSection
EndGlobal
